
Microsoft Visual Studio Solution File, Format Version 12.00
# Visual Studio Version 17
VisualStudioVersion = 17.7.34018.315
MinimumVisualStudioVersion = 10.0.40219.1
Project("{2150E333-8FDC-42A3-9474-1A3956D46DE8}") = "Services", "Services", "{A799264B-215F-410F-9033-98E66A4AAA19}"
EndProject
Project("{2150E333-8FDC-42A3-9474-1A3956D46DE8}") = "Catalog", "Catalog", "{9E6F82ED-52F1-49A2-9315-78212F2C2BF5}"
EndProject
Project("{9A19103F-16F7-4668-BE54-9A1E7A4F7556}") = "Catalog.API", "Services\Catalog\Catalog.API\Catalog.API.csproj", "{723241F8-FB0E-46AE-8D12-38D76A5374E6}"
EndProject
Project("{E53339B2-1760-4266-BCC7-CA923CBCF16C}") = "docker-compose", "docker-compose.dcproj", "{360759F2-613F-41D0-9ABB-4402194A6E7D}"
EndProject
Project("{2150E333-8FDC-42A3-9474-1A3956D46DE8}") = "Basket", "Basket", "{0645FB34-1C99-46E6-8F88-7239B36E85DC}"
EndProject
Project("{9A19103F-16F7-4668-BE54-9A1E7A4F7556}") = "Basket.API", "Services\Basket\Basket.API\Basket.API.csproj", "{6A3813B2-6C46-4FE5-AEF0-574A4C0D3809}"
EndProject
Project("{2150E333-8FDC-42A3-9474-1A3956D46DE8}") = "Ordering", "Ordering", "{6301EE96-B3DA-4A74-AAA4-628E583B7D87}"
EndProject
Project("{FAE04EC0-301F-11D3-BF4B-00C04F79EFBC}") = "Ordering.API", "Services\Ordering\Ordering.API\Ordering.API.csproj", "{A6705EEC-6EF1-47E3-A441-B4AB7F00C87F}"
EndProject
Project("{FAE04EC0-301F-11D3-BF4B-00C04F79EFBC}") = "Ordering.Domain", "Services\Ordering\Ordering.Domain\Ordering.Domain.csproj", "{83074349-0B31-4852-A229-746B73CFAB9E}"
EndProject
Project("{FAE04EC0-301F-11D3-BF4B-00C04F79EFBC}") = "Ordering.Application", "Services\Ordering\Ordering.Application\Ordering.Application.csproj", "{F5EF5216-A8D8-4EA6-831C-09B05EA34FB5}"
EndProject
Project("{FAE04EC0-301F-11D3-BF4B-00C04F79EFBC}") = "Ordering.Infrastructure", "Services\Ordering\Ordering.Infrastructure\Ordering.Infrastructure.csproj", "{F24AA6C3-2358-4CFF-9F59-725D6A40FC05}"
EndProject
Global
	GlobalSection(SolutionConfigurationPlatforms) = preSolution
		Debug|Any CPU = Debug|Any CPU
		Release|Any CPU = Release|Any CPU
	EndGlobalSection
	GlobalSection(ProjectConfigurationPlatforms) = postSolution
		{723241F8-FB0E-46AE-8D12-38D76A5374E6}.Debug|Any CPU.ActiveCfg = Debug|Any CPU
		{723241F8-FB0E-46AE-8D12-38D76A5374E6}.Debug|Any CPU.Build.0 = Debug|Any CPU
		{723241F8-FB0E-46AE-8D12-38D76A5374E6}.Release|Any CPU.ActiveCfg = Release|Any CPU
		{723241F8-FB0E-46AE-8D12-38D76A5374E6}.Release|Any CPU.Build.0 = Release|Any CPU
		{360759F2-613F-41D0-9ABB-4402194A6E7D}.Debug|Any CPU.ActiveCfg = Debug|Any CPU
		{360759F2-613F-41D0-9ABB-4402194A6E7D}.Debug|Any CPU.Build.0 = Debug|Any CPU
		{360759F2-613F-41D0-9ABB-4402194A6E7D}.Release|Any CPU.ActiveCfg = Release|Any CPU
		{360759F2-613F-41D0-9ABB-4402194A6E7D}.Release|Any CPU.Build.0 = Release|Any CPU
		{6A3813B2-6C46-4FE5-AEF0-574A4C0D3809}.Debug|Any CPU.ActiveCfg = Debug|Any CPU
		{6A3813B2-6C46-4FE5-AEF0-574A4C0D3809}.Debug|Any CPU.Build.0 = Debug|Any CPU
		{6A3813B2-6C46-4FE5-AEF0-574A4C0D3809}.Release|Any CPU.ActiveCfg = Release|Any CPU
		{6A3813B2-6C46-4FE5-AEF0-574A4C0D3809}.Release|Any CPU.Build.0 = Release|Any CPU
		{A6705EEC-6EF1-47E3-A441-B4AB7F00C87F}.Debug|Any CPU.ActiveCfg = Debug|Any CPU
		{A6705EEC-6EF1-47E3-A441-B4AB7F00C87F}.Debug|Any CPU.Build.0 = Debug|Any CPU
		{A6705EEC-6EF1-47E3-A441-B4AB7F00C87F}.Release|Any CPU.ActiveCfg = Release|Any CPU
		{A6705EEC-6EF1-47E3-A441-B4AB7F00C87F}.Release|Any CPU.Build.0 = Release|Any CPU
		{83074349-0B31-4852-A229-746B73CFAB9E}.Debug|Any CPU.ActiveCfg = Debug|Any CPU
		{83074349-0B31-4852-A229-746B73CFAB9E}.Debug|Any CPU.Build.0 = Debug|Any CPU
		{83074349-0B31-4852-A229-746B73CFAB9E}.Release|Any CPU.ActiveCfg = Release|Any CPU
		{83074349-0B31-4852-A229-746B73CFAB9E}.Release|Any CPU.Build.0 = Release|Any CPU
		{F5EF5216-A8D8-4EA6-831C-09B05EA34FB5}.Debug|Any CPU.ActiveCfg = Debug|Any CPU
		{F5EF5216-A8D8-4EA6-831C-09B05EA34FB5}.Debug|Any CPU.Build.0 = Debug|Any CPU
		{F5EF5216-A8D8-4EA6-831C-09B05EA34FB5}.Release|Any CPU.ActiveCfg = Release|Any CPU
		{F5EF5216-A8D8-4EA6-831C-09B05EA34FB5}.Release|Any CPU.Build.0 = Release|Any CPU
		{F24AA6C3-2358-4CFF-9F59-725D6A40FC05}.Debug|Any CPU.ActiveCfg = Debug|Any CPU
		{F24AA6C3-2358-4CFF-9F59-725D6A40FC05}.Debug|Any CPU.Build.0 = Debug|Any CPU
		{F24AA6C3-2358-4CFF-9F59-725D6A40FC05}.Release|Any CPU.ActiveCfg = Release|Any CPU
		{F24AA6C3-2358-4CFF-9F59-725D6A40FC05}.Release|Any CPU.Build.0 = Release|Any CPU
	EndGlobalSection
	GlobalSection(SolutionProperties) = preSolution
		HideSolutionNode = FALSE
	EndGlobalSection
	GlobalSection(NestedProjects) = preSolution
		{9E6F82ED-52F1-49A2-9315-78212F2C2BF5} = {A799264B-215F-410F-9033-98E66A4AAA19}
		{723241F8-FB0E-46AE-8D12-38D76A5374E6} = {9E6F82ED-52F1-49A2-9315-78212F2C2BF5}
		{0645FB34-1C99-46E6-8F88-7239B36E85DC} = {A799264B-215F-410F-9033-98E66A4AAA19}
		{6A3813B2-6C46-4FE5-AEF0-574A4C0D3809} = {0645FB34-1C99-46E6-8F88-7239B36E85DC}
		{6301EE96-B3DA-4A74-AAA4-628E583B7D87} = {A799264B-215F-410F-9033-98E66A4AAA19}
		{A6705EEC-6EF1-47E3-A441-B4AB7F00C87F} = {6301EE96-B3DA-4A74-AAA4-628E583B7D87}
		{83074349-0B31-4852-A229-746B73CFAB9E} = {6301EE96-B3DA-4A74-AAA4-628E583B7D87}
		{F5EF5216-A8D8-4EA6-831C-09B05EA34FB5} = {6301EE96-B3DA-4A74-AAA4-628E583B7D87}
		{F24AA6C3-2358-4CFF-9F59-725D6A40FC05} = {6301EE96-B3DA-4A74-AAA4-628E583B7D87}
	EndGlobalSection
	GlobalSection(ExtensibilityGlobals) = postSolution
		SolutionGuid = {9ED1AF23-1CA3-47DC-9A4A-58C0361B5161}
	EndGlobalSection
EndGlobal
